
Microsoft Visual Studio Solution File, Format Version 12.00
# Visual Studio 15
VisualStudioVersion = 15.0.27004.2002
MinimumVisualStudioVersion = 10.0.40219.1
Project("{FAE04EC0-301F-11D3-BF4B-00C04F79EFBC}") = "Day1", "Day1\Day1.csproj", "{D458FE46-87A1-431D-9AA7-4D0EEDD4142C}"
EndProject
Project("{FAE04EC0-301F-11D3-BF4B-00C04F79EFBC}") = "Day1part2", "Day1part2\Day1part2.csproj", "{C818F930-2644-43AD-AD6F-308BF1BAC9A3}"
EndProject
Project("{FAE04EC0-301F-11D3-BF4B-00C04F79EFBC}") = "Day2part1", "Day2part1\Day2part1.csproj", "{BA758310-64E0-48E3-9CD2-8A8EC979ADE1}"
EndProject
Project("{FAE04EC0-301F-11D3-BF4B-00C04F79EFBC}") = "Day2part2", "Day2part2\Day2part2.csproj", "{19CC95B5-F73F-44C5-9154-A6E22E9B49BD}"
EndProject
Project("{FAE04EC0-301F-11D3-BF4B-00C04F79EFBC}") = "Day3part1", "Day3part1\Day3part1.csproj", "{D5A06931-B8C6-4D21-8FDA-A15E05210E40}"
EndProject
Project("{FAE04EC0-301F-11D3-BF4B-00C04F79EFBC}") = "Day3part2", "Day3part2\Day3part2.csproj", "{4B94B0D5-BEC5-476B-8C6A-FBDB4E18BA8C}"
EndProject
Project("{FAE04EC0-301F-11D3-BF4B-00C04F79EFBC}") = "Day4part1", "Day4part1\Day4part1.csproj", "{2F4865FC-16F8-462A-ADCB-1FA3D3079B5A}"
EndProject
Project("{FAE04EC0-301F-11D3-BF4B-00C04F79EFBC}") = "Day4part2", "Day4part2\Day4part2.csproj", "{8A3B0E41-D13E-4C45-AE2D-5EC2089979D1}"
EndProject
Project("{FAE04EC0-301F-11D3-BF4B-00C04F79EFBC}") = "Day5part1", "Day5part1\Day5part1.csproj", "{C5B30668-20A4-4048-AFEA-135B2D5BCC1E}"
EndProject
Project("{FAE04EC0-301F-11D3-BF4B-00C04F79EFBC}") = "Day5part2", "Day5part2\Day5part2.csproj", "{41081458-9C78-443D-808B-A43028D5DA5E}"
EndProject
Project("{FAE04EC0-301F-11D3-BF4B-00C04F79EFBC}") = "Day6part1", "Day6part1\Day6part1.csproj", "{3D661043-5BA1-41D0-B70C-D063F0EE8433}"
EndProject
Project("{FAE04EC0-301F-11D3-BF4B-00C04F79EFBC}") = "Day6part2", "Day6part2\Day6part2.csproj", "{8BC6E25E-E562-45E1-82ED-79003EE400ED}"
EndProject
Project("{FAE04EC0-301F-11D3-BF4B-00C04F79EFBC}") = "Day7part1", "Day7part1\Day7part1.csproj", "{8546D02E-5DEF-4B3B-92E8-27E852D36981}"
EndProject
Project("{FAE04EC0-301F-11D3-BF4B-00C04F79EFBC}") = "day7part2", "day7part2\day7part2.csproj", "{9D2D88EE-D8F8-429E-860D-E51411F9897F}"
EndProject
Project("{FAE04EC0-301F-11D3-BF4B-00C04F79EFBC}") = "day8part1", "day8part1\day8part1.csproj", "{5F590687-C2F2-45DA-B4BA-48E848E9898C}"
EndProject
Project("{FAE04EC0-301F-11D3-BF4B-00C04F79EFBC}") = "day8part2", "day8part2\day8part2.csproj", "{3C9474F9-71F9-4132-A2C7-6E5E382867E0}"
EndProject
Project("{FAE04EC0-301F-11D3-BF4B-00C04F79EFBC}") = "day9part1", "day9part1\day9part1.csproj", "{5B9E603F-E6BB-4A6A-97B7-770171037BD6}"
EndProject
Project("{FAE04EC0-301F-11D3-BF4B-00C04F79EFBC}") = "day9part2", "day9part2\day9part2.csproj", "{6D09F361-05F4-44D2-96A1-0F7FD29A1AEE}"
EndProject
Project("{FAE04EC0-301F-11D3-BF4B-00C04F79EFBC}") = "Day10part1", "Day10part1\Day10part1.csproj", "{D523FC3F-6486-49D2-ABF0-D628228AECF4}"
EndProject
Project("{FAE04EC0-301F-11D3-BF4B-00C04F79EFBC}") = "Day10part2", "Day10part2\Day10part2.csproj", "{3498D94B-8490-43F3-95EA-03ABCCB817F8}"
EndProject
Project("{FAE04EC0-301F-11D3-BF4B-00C04F79EFBC}") = "Day11part1", "Day11part1\Day11part1.csproj", "{6EE518A2-1296-4B16-8E95-5469D7D91871}"
EndProject
Project("{FAE04EC0-301F-11D3-BF4B-00C04F79EFBC}") = "Day11part2", "Day11part2\Day11part2.csproj", "{BA484E61-6978-496C-9609-D9AF14511B70}"
EndProject
Project("{FAE04EC0-301F-11D3-BF4B-00C04F79EFBC}") = "Day12part1", "Day12part1\Day12part1.csproj", "{F289BFBE-68AE-4698-B5EC-644B9D71CB1E}"
EndProject
Project("{FAE04EC0-301F-11D3-BF4B-00C04F79EFBC}") = "Day12part2", "Day12part2\Day12part2.csproj", "{D6405B19-4F01-4BAA-8BA9-72F0A7812436}"
EndProject
Project("{FAE04EC0-301F-11D3-BF4B-00C04F79EFBC}") = "Day13part1", "Day13part1\Day13part1.csproj", "{DC24D3CF-CCE9-4FC8-93DC-0E69AFE28146}"
EndProject
Project("{FAE04EC0-301F-11D3-BF4B-00C04F79EFBC}") = "Day13part2", "Day13part2\Day13part2.csproj", "{ED2C785A-BDF9-4EE6-B3C9-F53AE0DE6609}"
EndProject
Global
	GlobalSection(SolutionConfigurationPlatforms) = preSolution
		Debug|Any CPU = Debug|Any CPU
		Release|Any CPU = Release|Any CPU
	EndGlobalSection
	GlobalSection(ProjectConfigurationPlatforms) = postSolution
		{D458FE46-87A1-431D-9AA7-4D0EEDD4142C}.Debug|Any CPU.ActiveCfg = Debug|Any CPU
		{D458FE46-87A1-431D-9AA7-4D0EEDD4142C}.Debug|Any CPU.Build.0 = Debug|Any CPU
		{D458FE46-87A1-431D-9AA7-4D0EEDD4142C}.Release|Any CPU.ActiveCfg = Release|Any CPU
		{D458FE46-87A1-431D-9AA7-4D0EEDD4142C}.Release|Any CPU.Build.0 = Release|Any CPU
		{C818F930-2644-43AD-AD6F-308BF1BAC9A3}.Debug|Any CPU.ActiveCfg = Debug|Any CPU
		{C818F930-2644-43AD-AD6F-308BF1BAC9A3}.Debug|Any CPU.Build.0 = Debug|Any CPU
		{C818F930-2644-43AD-AD6F-308BF1BAC9A3}.Release|Any CPU.ActiveCfg = Release|Any CPU
		{C818F930-2644-43AD-AD6F-308BF1BAC9A3}.Release|Any CPU.Build.0 = Release|Any CPU
		{BA758310-64E0-48E3-9CD2-8A8EC979ADE1}.Debug|Any CPU.ActiveCfg = Debug|Any CPU
		{BA758310-64E0-48E3-9CD2-8A8EC979ADE1}.Debug|Any CPU.Build.0 = Debug|Any CPU
		{BA758310-64E0-48E3-9CD2-8A8EC979ADE1}.Release|Any CPU.ActiveCfg = Release|Any CPU
		{BA758310-64E0-48E3-9CD2-8A8EC979ADE1}.Release|Any CPU.Build.0 = Release|Any CPU
		{19CC95B5-F73F-44C5-9154-A6E22E9B49BD}.Debug|Any CPU.ActiveCfg = Debug|Any CPU
		{19CC95B5-F73F-44C5-9154-A6E22E9B49BD}.Debug|Any CPU.Build.0 = Debug|Any CPU
		{19CC95B5-F73F-44C5-9154-A6E22E9B49BD}.Release|Any CPU.ActiveCfg = Release|Any CPU
		{19CC95B5-F73F-44C5-9154-A6E22E9B49BD}.Release|Any CPU.Build.0 = Release|Any CPU
		{D5A06931-B8C6-4D21-8FDA-A15E05210E40}.Debug|Any CPU.ActiveCfg = Debug|Any CPU
		{D5A06931-B8C6-4D21-8FDA-A15E05210E40}.Debug|Any CPU.Build.0 = Debug|Any CPU
		{D5A06931-B8C6-4D21-8FDA-A15E05210E40}.Release|Any CPU.ActiveCfg = Release|Any CPU
		{D5A06931-B8C6-4D21-8FDA-A15E05210E40}.Release|Any CPU.Build.0 = Release|Any CPU
		{4B94B0D5-BEC5-476B-8C6A-FBDB4E18BA8C}.Debug|Any CPU.ActiveCfg = Debug|Any CPU
		{4B94B0D5-BEC5-476B-8C6A-FBDB4E18BA8C}.Debug|Any CPU.Build.0 = Debug|Any CPU
		{4B94B0D5-BEC5-476B-8C6A-FBDB4E18BA8C}.Release|Any CPU.ActiveCfg = Release|Any CPU
		{4B94B0D5-BEC5-476B-8C6A-FBDB4E18BA8C}.Release|Any CPU.Build.0 = Release|Any CPU
		{2F4865FC-16F8-462A-ADCB-1FA3D3079B5A}.Debug|Any CPU.ActiveCfg = Debug|Any CPU
		{2F4865FC-16F8-462A-ADCB-1FA3D3079B5A}.Debug|Any CPU.Build.0 = Debug|Any CPU
		{2F4865FC-16F8-462A-ADCB-1FA3D3079B5A}.Release|Any CPU.ActiveCfg = Release|Any CPU
		{2F4865FC-16F8-462A-ADCB-1FA3D3079B5A}.Release|Any CPU.Build.0 = Release|Any CPU
		{8A3B0E41-D13E-4C45-AE2D-5EC2089979D1}.Debug|Any CPU.ActiveCfg = Debug|Any CPU
		{8A3B0E41-D13E-4C45-AE2D-5EC2089979D1}.Debug|Any CPU.Build.0 = Debug|Any CPU
		{8A3B0E41-D13E-4C45-AE2D-5EC2089979D1}.Release|Any CPU.ActiveCfg = Release|Any CPU
		{8A3B0E41-D13E-4C45-AE2D-5EC2089979D1}.Release|Any CPU.Build.0 = Release|Any CPU
		{C5B30668-20A4-4048-AFEA-135B2D5BCC1E}.Debug|Any CPU.ActiveCfg = Debug|Any CPU
		{C5B30668-20A4-4048-AFEA-135B2D5BCC1E}.Debug|Any CPU.Build.0 = Debug|Any CPU
		{C5B30668-20A4-4048-AFEA-135B2D5BCC1E}.Release|Any CPU.ActiveCfg = Release|Any CPU
		{C5B30668-20A4-4048-AFEA-135B2D5BCC1E}.Release|Any CPU.Build.0 = Release|Any CPU
		{41081458-9C78-443D-808B-A43028D5DA5E}.Debug|Any CPU.ActiveCfg = Debug|Any CPU
		{41081458-9C78-443D-808B-A43028D5DA5E}.Debug|Any CPU.Build.0 = Debug|Any CPU
		{41081458-9C78-443D-808B-A43028D5DA5E}.Release|Any CPU.ActiveCfg = Release|Any CPU
		{41081458-9C78-443D-808B-A43028D5DA5E}.Release|Any CPU.Build.0 = Release|Any CPU
		{3D661043-5BA1-41D0-B70C-D063F0EE8433}.Debug|Any CPU.ActiveCfg = Debug|Any CPU
		{3D661043-5BA1-41D0-B70C-D063F0EE8433}.Debug|Any CPU.Build.0 = Debug|Any CPU
		{3D661043-5BA1-41D0-B70C-D063F0EE8433}.Release|Any CPU.ActiveCfg = Release|Any CPU
		{3D661043-5BA1-41D0-B70C-D063F0EE8433}.Release|Any CPU.Build.0 = Release|Any CPU
		{8BC6E25E-E562-45E1-82ED-79003EE400ED}.Debug|Any CPU.ActiveCfg = Debug|Any CPU
		{8BC6E25E-E562-45E1-82ED-79003EE400ED}.Debug|Any CPU.Build.0 = Debug|Any CPU
		{8BC6E25E-E562-45E1-82ED-79003EE400ED}.Release|Any CPU.ActiveCfg = Release|Any CPU
		{8BC6E25E-E562-45E1-82ED-79003EE400ED}.Release|Any CPU.Build.0 = Release|Any CPU
		{8546D02E-5DEF-4B3B-92E8-27E852D36981}.Debug|Any CPU.ActiveCfg = Debug|Any CPU
		{8546D02E-5DEF-4B3B-92E8-27E852D36981}.Debug|Any CPU.Build.0 = Debug|Any CPU
		{8546D02E-5DEF-4B3B-92E8-27E852D36981}.Release|Any CPU.ActiveCfg = Release|Any CPU
		{8546D02E-5DEF-4B3B-92E8-27E852D36981}.Release|Any CPU.Build.0 = Release|Any CPU
		{9D2D88EE-D8F8-429E-860D-E51411F9897F}.Debug|Any CPU.ActiveCfg = Debug|Any CPU
		{9D2D88EE-D8F8-429E-860D-E51411F9897F}.Debug|Any CPU.Build.0 = Debug|Any CPU
		{9D2D88EE-D8F8-429E-860D-E51411F9897F}.Release|Any CPU.ActiveCfg = Release|Any CPU
		{9D2D88EE-D8F8-429E-860D-E51411F9897F}.Release|Any CPU.Build.0 = Release|Any CPU
		{5F590687-C2F2-45DA-B4BA-48E848E9898C}.Debug|Any CPU.ActiveCfg = Debug|Any CPU
		{5F590687-C2F2-45DA-B4BA-48E848E9898C}.Debug|Any CPU.Build.0 = Debug|Any CPU
		{5F590687-C2F2-45DA-B4BA-48E848E9898C}.Release|Any CPU.ActiveCfg = Release|Any CPU
		{5F590687-C2F2-45DA-B4BA-48E848E9898C}.Release|Any CPU.Build.0 = Release|Any CPU
		{3C9474F9-71F9-4132-A2C7-6E5E382867E0}.Debug|Any CPU.ActiveCfg = Debug|Any CPU
		{3C9474F9-71F9-4132-A2C7-6E5E382867E0}.Debug|Any CPU.Build.0 = Debug|Any CPU
		{3C9474F9-71F9-4132-A2C7-6E5E382867E0}.Release|Any CPU.ActiveCfg = Release|Any CPU
		{3C9474F9-71F9-4132-A2C7-6E5E382867E0}.Release|Any CPU.Build.0 = Release|Any CPU
		{5B9E603F-E6BB-4A6A-97B7-770171037BD6}.Debug|Any CPU.ActiveCfg = Debug|Any CPU
		{5B9E603F-E6BB-4A6A-97B7-770171037BD6}.Debug|Any CPU.Build.0 = Debug|Any CPU
		{5B9E603F-E6BB-4A6A-97B7-770171037BD6}.Release|Any CPU.ActiveCfg = Release|Any CPU
		{5B9E603F-E6BB-4A6A-97B7-770171037BD6}.Release|Any CPU.Build.0 = Release|Any CPU
		{6D09F361-05F4-44D2-96A1-0F7FD29A1AEE}.Debug|Any CPU.ActiveCfg = Debug|Any CPU
		{6D09F361-05F4-44D2-96A1-0F7FD29A1AEE}.Debug|Any CPU.Build.0 = Debug|Any CPU
		{6D09F361-05F4-44D2-96A1-0F7FD29A1AEE}.Release|Any CPU.ActiveCfg = Release|Any CPU
		{6D09F361-05F4-44D2-96A1-0F7FD29A1AEE}.Release|Any CPU.Build.0 = Release|Any CPU
		{D523FC3F-6486-49D2-ABF0-D628228AECF4}.Debug|Any CPU.ActiveCfg = Debug|Any CPU
		{D523FC3F-6486-49D2-ABF0-D628228AECF4}.Debug|Any CPU.Build.0 = Debug|Any CPU
		{D523FC3F-6486-49D2-ABF0-D628228AECF4}.Release|Any CPU.ActiveCfg = Release|Any CPU
		{D523FC3F-6486-49D2-ABF0-D628228AECF4}.Release|Any CPU.Build.0 = Release|Any CPU
		{3498D94B-8490-43F3-95EA-03ABCCB817F8}.Debug|Any CPU.ActiveCfg = Debug|Any CPU
		{3498D94B-8490-43F3-95EA-03ABCCB817F8}.Debug|Any CPU.Build.0 = Debug|Any CPU
		{3498D94B-8490-43F3-95EA-03ABCCB817F8}.Release|Any CPU.ActiveCfg = Release|Any CPU
		{3498D94B-8490-43F3-95EA-03ABCCB817F8}.Release|Any CPU.Build.0 = Release|Any CPU
		{6EE518A2-1296-4B16-8E95-5469D7D91871}.Debug|Any CPU.ActiveCfg = Debug|Any CPU
		{6EE518A2-1296-4B16-8E95-5469D7D91871}.Debug|Any CPU.Build.0 = Debug|Any CPU
		{6EE518A2-1296-4B16-8E95-5469D7D91871}.Release|Any CPU.ActiveCfg = Release|Any CPU
		{6EE518A2-1296-4B16-8E95-5469D7D91871}.Release|Any CPU.Build.0 = Release|Any CPU
		{BA484E61-6978-496C-9609-D9AF14511B70}.Debug|Any CPU.ActiveCfg = Debug|Any CPU
		{BA484E61-6978-496C-9609-D9AF14511B70}.Debug|Any CPU.Build.0 = Debug|Any CPU
		{BA484E61-6978-496C-9609-D9AF14511B70}.Release|Any CPU.ActiveCfg = Release|Any CPU
		{BA484E61-6978-496C-9609-D9AF14511B70}.Release|Any CPU.Build.0 = Release|Any CPU
		{F289BFBE-68AE-4698-B5EC-644B9D71CB1E}.Debug|Any CPU.ActiveCfg = Debug|Any CPU
		{F289BFBE-68AE-4698-B5EC-644B9D71CB1E}.Debug|Any CPU.Build.0 = Debug|Any CPU
		{F289BFBE-68AE-4698-B5EC-644B9D71CB1E}.Release|Any CPU.ActiveCfg = Release|Any CPU
		{F289BFBE-68AE-4698-B5EC-644B9D71CB1E}.Release|Any CPU.Build.0 = Release|Any CPU
		{D6405B19-4F01-4BAA-8BA9-72F0A7812436}.Debug|Any CPU.ActiveCfg = Debug|Any CPU
		{D6405B19-4F01-4BAA-8BA9-72F0A7812436}.Debug|Any CPU.Build.0 = Debug|Any CPU
		{D6405B19-4F01-4BAA-8BA9-72F0A7812436}.Release|Any CPU.ActiveCfg = Release|Any CPU
		{D6405B19-4F01-4BAA-8BA9-72F0A7812436}.Release|Any CPU.Build.0 = Release|Any CPU
		{DC24D3CF-CCE9-4FC8-93DC-0E69AFE28146}.Debug|Any CPU.ActiveCfg = Debug|Any CPU
		{DC24D3CF-CCE9-4FC8-93DC-0E69AFE28146}.Debug|Any CPU.Build.0 = Debug|Any CPU
		{DC24D3CF-CCE9-4FC8-93DC-0E69AFE28146}.Release|Any CPU.ActiveCfg = Release|Any CPU
		{DC24D3CF-CCE9-4FC8-93DC-0E69AFE28146}.Release|Any CPU.Build.0 = Release|Any CPU
		{ED2C785A-BDF9-4EE6-B3C9-F53AE0DE6609}.Debug|Any CPU.ActiveCfg = Debug|Any CPU
		{ED2C785A-BDF9-4EE6-B3C9-F53AE0DE6609}.Debug|Any CPU.Build.0 = Debug|Any CPU
		{ED2C785A-BDF9-4EE6-B3C9-F53AE0DE6609}.Release|Any CPU.ActiveCfg = Release|Any CPU
		{ED2C785A-BDF9-4EE6-B3C9-F53AE0DE6609}.Release|Any CPU.Build.0 = Release|Any CPU
	EndGlobalSection
	GlobalSection(SolutionProperties) = preSolution
		HideSolutionNode = FALSE
	EndGlobalSection
	GlobalSection(ExtensibilityGlobals) = postSolution
		SolutionGuid = {B523C7C5-151B-4C46-BDD0-CB8BEB5255A6}
	EndGlobalSection
EndGlobal
